
Microsoft Visual Studio Solution File, Format Version 12.00
# Visual Studio Version 17
VisualStudioVersion = 17.0.31903.59
MinimumVisualStudioVersion = 10.0.40219.1
Project("{FAE04EC0-301F-11D3-BF4B-00C04F79EFBC}") = "API", "API\API.csproj", "{E3C6BC29-8E9B-441A-B272-7DEA789ECC9D}"
EndProject
Project("{FAE04EC0-301F-11D3-BF4B-00C04F79EFBC}") = "Core", "Core\Core.csproj", "{90492E22-F0B9-4F47-873D-73BCDEDE9D46}"
EndProject
Project("{FAE04EC0-301F-11D3-BF4B-00C04F79EFBC}") = "Infrastructure", "Infrastructure\Infrastructure.csproj", "{CE49A812-B9FA-4EB0-A81A-67A214B6C13F}"
EndProject
Global
	GlobalSection(SolutionConfigurationPlatforms) = preSolution
		Debug|Any CPU = Debug|Any CPU
		Release|Any CPU = Release|Any CPU
	EndGlobalSection
	GlobalSection(SolutionProperties) = preSolution
		HideSolutionNode = FALSE
	EndGlobalSection
	GlobalSection(ProjectConfigurationPlatforms) = postSolution
		{E3C6BC29-8E9B-441A-B272-7DEA789ECC9D}.Debug|Any CPU.ActiveCfg = Debug|Any CPU
		{E3C6BC29-8E9B-441A-B272-7DEA789ECC9D}.Debug|Any CPU.Build.0 = Debug|Any CPU
		{E3C6BC29-8E9B-441A-B272-7DEA789ECC9D}.Release|Any CPU.ActiveCfg = Release|Any CPU
		{E3C6BC29-8E9B-441A-B272-7DEA789ECC9D}.Release|Any CPU.Build.0 = Release|Any CPU
		{90492E22-F0B9-4F47-873D-73BCDEDE9D46}.Debug|Any CPU.ActiveCfg = Debug|Any CPU
		{90492E22-F0B9-4F47-873D-73BCDEDE9D46}.Debug|Any CPU.Build.0 = Debug|Any CPU
		{90492E22-F0B9-4F47-873D-73BCDEDE9D46}.Release|Any CPU.ActiveCfg = Release|Any CPU
		{90492E22-F0B9-4F47-873D-73BCDEDE9D46}.Release|Any CPU.Build.0 = Release|Any CPU
		{CE49A812-B9FA-4EB0-A81A-67A214B6C13F}.Debug|Any CPU.ActiveCfg = Debug|Any CPU
		{CE49A812-B9FA-4EB0-A81A-67A214B6C13F}.Debug|Any CPU.Build.0 = Debug|Any CPU
		{CE49A812-B9FA-4EB0-A81A-67A214B6C13F}.Release|Any CPU.ActiveCfg = Release|Any CPU
		{CE49A812-B9FA-4EB0-A81A-67A214B6C13F}.Release|Any CPU.Build.0 = Release|Any CPU
	EndGlobalSection
EndGlobal
